
Microsoft Visual Studio Solution File, Format Version 12.00
# Visual Studio Version 17
VisualStudioVersion = 17.9.34728.123
MinimumVisualStudioVersion = 10.0.40219.1
Project("{FAE04EC0-301F-11D3-BF4B-00C04F79EFBC}") = "monogameMinecraftDX", "monogameMinecraftDX.csproj", "{16C3B4EB-EBAC-46DF-BA06-9EA461D77DD3}"
EndProject
Project("{FAE04EC0-301F-11D3-BF4B-00C04F79EFBC}") = "MGui", "MGui\MGui.csproj", "{36731196-413B-45C2-B77E-DE2CEB99F3D2}"
EndProject
Global
	GlobalSection(SolutionConfigurationPlatforms) = preSolution
		Debug|Any CPU = Debug|Any CPU
		Release|Any CPU = Release|Any CPU
	EndGlobalSection
	GlobalSection(ProjectConfigurationPlatforms) = postSolution
		{16C3B4EB-EBAC-46DF-BA06-9EA461D77DD3}.Debug|Any CPU.ActiveCfg = Debug|Any CPU
		{16C3B4EB-EBAC-46DF-BA06-9EA461D77DD3}.Debug|Any CPU.Build.0 = Debug|Any CPU
		{16C3B4EB-EBAC-46DF-BA06-9EA461D77DD3}.Release|Any CPU.ActiveCfg = Release|Any CPU
		{16C3B4EB-EBAC-46DF-BA06-9EA461D77DD3}.Release|Any CPU.Build.0 = Release|Any CPU
		{36731196-413B-45C2-B77E-DE2CEB99F3D2}.Debug|Any CPU.ActiveCfg = Debug|Any CPU
		{36731196-413B-45C2-B77E-DE2CEB99F3D2}.Debug|Any CPU.Build.0 = Debug|Any CPU
		{36731196-413B-45C2-B77E-DE2CEB99F3D2}.Release|Any CPU.ActiveCfg = Release|Any CPU
		{36731196-413B-45C2-B77E-DE2CEB99F3D2}.Release|Any CPU.Build.0 = Release|Any CPU
	EndGlobalSection
	GlobalSection(SolutionProperties) = preSolution
		HideSolutionNode = FALSE
	EndGlobalSection
	GlobalSection(ExtensibilityGlobals) = postSolution
		SolutionGuid = {022DF7A2-FAF0-49C1-B105-4A21F237DC55}
	EndGlobalSection
EndGlobal
